
Microsoft Visual Studio Solution File, Format Version 12.00
# Visual Studio Version 17
VisualStudioVersion = 17.0.31903.59
MinimumVisualStudioVersion = 10.0.40219.1
Project("{FAE04EC0-301F-11D3-BF4B-00C04F79EFBC}") = "Models", "Models\Models.csproj", "{861F88E7-0769-40D5-B24B-31329BF2064C}"
EndProject
Project("{FAE04EC0-301F-11D3-BF4B-00C04F79EFBC}") = "Persistence", "Persistence\Persistence.csproj", "{03FA8D9C-11A3-4D45-BAFD-46DD541DBB44}"
EndProject
Project("{FAE04EC0-301F-11D3-BF4B-00C04F79EFBC}") = "Consumption-Service.API", "Consumption-Service.API\Consumption-Service.API.csproj", "{2E2D9753-5273-4536-A258-C9ADCEA4EFB8}"
EndProject
Project("{FAE04EC0-301F-11D3-BF4B-00C04F79EFBC}") = "Common", "Common\Common.csproj", "{AE223CDC-A3DC-4C7F-AAD8-CDC9F4A2A6BA}"
EndProject
Global
	GlobalSection(SolutionConfigurationPlatforms) = preSolution
		Debug|Any CPU = Debug|Any CPU
		Release|Any CPU = Release|Any CPU
	EndGlobalSection
	GlobalSection(SolutionProperties) = preSolution
		HideSolutionNode = FALSE
	EndGlobalSection
	GlobalSection(ProjectConfigurationPlatforms) = postSolution
		{861F88E7-0769-40D5-B24B-31329BF2064C}.Debug|Any CPU.ActiveCfg = Debug|Any CPU
		{861F88E7-0769-40D5-B24B-31329BF2064C}.Debug|Any CPU.Build.0 = Debug|Any CPU
		{861F88E7-0769-40D5-B24B-31329BF2064C}.Release|Any CPU.ActiveCfg = Release|Any CPU
		{861F88E7-0769-40D5-B24B-31329BF2064C}.Release|Any CPU.Build.0 = Release|Any CPU
		{03FA8D9C-11A3-4D45-BAFD-46DD541DBB44}.Debug|Any CPU.ActiveCfg = Debug|Any CPU
		{03FA8D9C-11A3-4D45-BAFD-46DD541DBB44}.Debug|Any CPU.Build.0 = Debug|Any CPU
		{03FA8D9C-11A3-4D45-BAFD-46DD541DBB44}.Release|Any CPU.ActiveCfg = Release|Any CPU
		{03FA8D9C-11A3-4D45-BAFD-46DD541DBB44}.Release|Any CPU.Build.0 = Release|Any CPU
		{2E2D9753-5273-4536-A258-C9ADCEA4EFB8}.Debug|Any CPU.ActiveCfg = Debug|Any CPU
		{2E2D9753-5273-4536-A258-C9ADCEA4EFB8}.Debug|Any CPU.Build.0 = Debug|Any CPU
		{2E2D9753-5273-4536-A258-C9ADCEA4EFB8}.Release|Any CPU.ActiveCfg = Release|Any CPU
		{2E2D9753-5273-4536-A258-C9ADCEA4EFB8}.Release|Any CPU.Build.0 = Release|Any CPU
		{AE223CDC-A3DC-4C7F-AAD8-CDC9F4A2A6BA}.Debug|Any CPU.ActiveCfg = Debug|Any CPU
		{AE223CDC-A3DC-4C7F-AAD8-CDC9F4A2A6BA}.Debug|Any CPU.Build.0 = Debug|Any CPU
		{AE223CDC-A3DC-4C7F-AAD8-CDC9F4A2A6BA}.Release|Any CPU.ActiveCfg = Release|Any CPU
		{AE223CDC-A3DC-4C7F-AAD8-CDC9F4A2A6BA}.Release|Any CPU.Build.0 = Release|Any CPU
	EndGlobalSection
EndGlobal
