
Microsoft Visual Studio Solution File, Format Version 12.00
# Visual Studio Version 17
VisualStudioVersion = 17.0.31903.59
MinimumVisualStudioVersion = 10.0.40219.1
Project("{FAE04EC0-301F-11D3-BF4B-00C04F79EFBC}") = "Models", "Models\Models.csproj", "{950ED834-432A-4C8A-BB0A-77B6F3D5CC52}"
EndProject
Project("{FAE04EC0-301F-11D3-BF4B-00C04F79EFBC}") = "Persistence", "Persistence\Persistence.csproj", "{8982A9CC-713F-4CCE-B6EF-B9201E8CF214}"
EndProject
Project("{FAE04EC0-301F-11D3-BF4B-00C04F79EFBC}") = "Category.API", "Category.API\Category.API.csproj", "{26FC2B4B-2825-4390-8DE6-E545C2AFC275}"
EndProject
Global
	GlobalSection(SolutionConfigurationPlatforms) = preSolution
		Debug|Any CPU = Debug|Any CPU
		Release|Any CPU = Release|Any CPU
	EndGlobalSection
	GlobalSection(SolutionProperties) = preSolution
		HideSolutionNode = FALSE
	EndGlobalSection
	GlobalSection(ProjectConfigurationPlatforms) = postSolution
		{950ED834-432A-4C8A-BB0A-77B6F3D5CC52}.Debug|Any CPU.ActiveCfg = Debug|Any CPU
		{950ED834-432A-4C8A-BB0A-77B6F3D5CC52}.Debug|Any CPU.Build.0 = Debug|Any CPU
		{950ED834-432A-4C8A-BB0A-77B6F3D5CC52}.Release|Any CPU.ActiveCfg = Release|Any CPU
		{950ED834-432A-4C8A-BB0A-77B6F3D5CC52}.Release|Any CPU.Build.0 = Release|Any CPU
		{8982A9CC-713F-4CCE-B6EF-B9201E8CF214}.Debug|Any CPU.ActiveCfg = Debug|Any CPU
		{8982A9CC-713F-4CCE-B6EF-B9201E8CF214}.Debug|Any CPU.Build.0 = Debug|Any CPU
		{8982A9CC-713F-4CCE-B6EF-B9201E8CF214}.Release|Any CPU.ActiveCfg = Release|Any CPU
		{8982A9CC-713F-4CCE-B6EF-B9201E8CF214}.Release|Any CPU.Build.0 = Release|Any CPU
		{26FC2B4B-2825-4390-8DE6-E545C2AFC275}.Debug|Any CPU.ActiveCfg = Debug|Any CPU
		{26FC2B4B-2825-4390-8DE6-E545C2AFC275}.Debug|Any CPU.Build.0 = Debug|Any CPU
		{26FC2B4B-2825-4390-8DE6-E545C2AFC275}.Release|Any CPU.ActiveCfg = Release|Any CPU
		{26FC2B4B-2825-4390-8DE6-E545C2AFC275}.Release|Any CPU.Build.0 = Release|Any CPU
	EndGlobalSection
EndGlobal
